<?xml version="1.0" encoding="utf-8"?>
<Project ToolsVersion="4.0" xmlns="http://schemas.microsoft.com/developer/msbuild/2003">
  <ItemGroup>
    <ClCompile Include="Board.cpp">
      <Filter>Quelldateien</Filter>
    </ClCompile>
    <ClCompile Include="Game.cpp">
      <Filter>Quelldateien</Filter>
    </ClCompile>
    <ClCompile Include="GameMode.cpp">
      <Filter>Quelldateien</Filter>
    </ClCompile>
    <ClCompile Include="GameModeAIvAI.cpp">
      <Filter>Quelldateien</Filter>
    </ClCompile>
    <ClCompile Include="GameModePvAI.cpp">
      <Filter>Quelldateien</Filter>
    </ClCompile>
    <ClCompile Include="GameModePvP.cpp">
      <Filter>Quelldateien</Filter>
    </ClCompile>
    <ClCompile Include="GlobalVariables.cpp">
      <Filter>Quelldateien</Filter>
    </ClCompile>
    <ClCompile Include="main.cpp">
      <Filter>Quelldateien</Filter>
    </ClCompile>
    <ClCompile Include="stdafx.cpp">
      <Filter>Quelldateien</Filter>
    </ClCompile>
    <ClCompile Include="BoardSimulation.cpp">
      <Filter>Quelldateien\AI</Filter>
    </ClCompile>
    <ClCompile Include="negamax.cpp">
      <Filter>Quelldateien\AI</Filter>
    </ClCompile>
    <ClCompile Include="DiscHoles.cpp">
      <Filter>Quelldateien</Filter>
    </ClCompile>
  </ItemGroup>
  <ItemGroup>
    <ClInclude Include="Board.h">
      <Filter>Headerdateien</Filter>
    </ClInclude>
    <ClInclude Include="Game.h">
      <Filter>Headerdateien</Filter>
    </ClInclude>
    <ClInclude Include="GameMode.h">
      <Filter>Headerdateien</Filter>
    </ClInclude>
    <ClInclude Include="GameModeAIvAI.h">
      <Filter>Headerdateien</Filter>
    </ClInclude>
    <ClInclude Include="GameModePvAI.h">
      <Filter>Headerdateien</Filter>
    </ClInclude>
    <ClInclude Include="GameModePvP.h">
      <Filter>Headerdateien</Filter>
    </ClInclude>
    <ClInclude Include="GlobalVariables.h">
      <Filter>Headerdateien</Filter>
    </ClInclude>
    <ClInclude Include="Helper.h">
      <Filter>Headerdateien</Filter>
    </ClInclude>
    <ClInclude Include="stdafx.h">
      <Filter>Headerdateien</Filter>
    </ClInclude>
    <ClInclude Include="BoardSimulation.h">
      <Filter>Headerdateien\AI</Filter>
    </ClInclude>
    <ClInclude Include="Negamax.h">
      <Filter>Headerdateien\AI</Filter>
    </ClInclude>
    <ClInclude Include="DiscHoles.h">
      <Filter>Headerdateien</Filter>
    </ClInclude>
  </ItemGroup>
  <ItemGroup>
    <Filter Include="Quelldateien">
      <UniqueIdentifier>{48668f8c-3045-4fbb-a358-bf3922958dcd}</UniqueIdentifier>
    </Filter>
    <Filter Include="Headerdateien">
      <UniqueIdentifier>{e632a138-16c2-4937-8945-d1e505a02783}</UniqueIdentifier>
    </Filter>
    <Filter Include="Headerdateien\AI">
      <UniqueIdentifier>{b68f6448-f761-490b-b3d1-ac7bd10682d4}</UniqueIdentifier>
    </Filter>
    <Filter Include="Quelldateien\AI">
      <UniqueIdentifier>{16673939-3dea-48b1-9d9c-12515e11c701}</UniqueIdentifier>
    </Filter>
  </ItemGroup>
</Project>